
Microsoft Visual Studio Solution File, Format Version 12.00
# Visual Studio 15
VisualStudioVersion = 15.0.27428.2027
MinimumVisualStudioVersion = 10.0.40219.1
Project("{FAE04EC0-301F-11D3-BF4B-00C04F79EFBC}") = "AWTC_API", "AWTC_API\AWTC_API.csproj", "{F4EDA1A7-D7D3-4F16-81C0-2339EF79699A}"
EndProject
Global
	GlobalSection(SolutionConfigurationPlatforms) = preSolution
		Debug|Any CPU = Debug|Any CPU
		Release|Any CPU = Release|Any CPU
	EndGlobalSection
	GlobalSection(ProjectConfigurationPlatforms) = postSolution
		{F4EDA1A7-D7D3-4F16-81C0-2339EF79699A}.Debug|Any CPU.ActiveCfg = Debug|Any CPU
		{F4EDA1A7-D7D3-4F16-81C0-2339EF79699A}.Debug|Any CPU.Build.0 = Debug|Any CPU
		{F4EDA1A7-D7D3-4F16-81C0-2339EF79699A}.Release|Any CPU.ActiveCfg = Release|Any CPU
		{F4EDA1A7-D7D3-4F16-81C0-2339EF79699A}.Release|Any CPU.Build.0 = Release|Any CPU
	EndGlobalSection
	GlobalSection(SolutionProperties) = preSolution
		HideSolutionNode = FALSE
	EndGlobalSection
	GlobalSection(ExtensibilityGlobals) = postSolution
		SolutionGuid = {077F42C2-5316-4DE2-A185-2F35B4F29328}
	EndGlobalSection
EndGlobal
